
Microsoft Visual Studio Solution File, Format Version 12.00
# Visual Studio Version 16
VisualStudioVersion = 16.0.30804.86
MinimumVisualStudioVersion = 10.0.40219.1
Project("{FAE04EC0-301F-11D3-BF4B-00C04F79EFBC}") = "RepairApp", "RepairApp.csproj", "{A7C752AF-F863-4AE8-9461-3A3FE512EE93}"
EndProject
Global
	GlobalSection(SolutionConfigurationPlatforms) = preSolution
		Debug|Any CPU = Debug|Any CPU
		Release|Any CPU = Release|Any CPU
	EndGlobalSection
	GlobalSection(ProjectConfigurationPlatforms) = postSolution
		{A7C752AF-F863-4AE8-9461-3A3FE512EE93}.Debug|Any CPU.ActiveCfg = Debug|Any CPU
		{A7C752AF-F863-4AE8-9461-3A3FE512EE93}.Debug|Any CPU.Build.0 = Debug|Any CPU
		{A7C752AF-F863-4AE8-9461-3A3FE512EE93}.Release|Any CPU.ActiveCfg = Release|Any CPU
		{A7C752AF-F863-4AE8-9461-3A3FE512EE93}.Release|Any CPU.Build.0 = Release|Any CPU
	EndGlobalSection
	GlobalSection(SolutionProperties) = preSolution
		HideSolutionNode = FALSE
	EndGlobalSection
	GlobalSection(ExtensibilityGlobals) = postSolution
		SolutionGuid = {1D9CE397-C3AB-48FE-8E05-AB60CDAD6043}
	EndGlobalSection
EndGlobal
